
Microsoft Visual Studio Solution File, Format Version 12.00
# Visual Studio Version 17
VisualStudioVersion = 17.7.34003.232
MinimumVisualStudioVersion = 10.0.40219.1
Project("{FAE04EC0-301F-11D3-BF4B-00C04F79EFBC}") = "MyStudyForLauncher", "MyStudyForLauncher.csproj", "{A41F684F-AA1A-467B-9F05-AC44087B36B4}"
EndProject
Global
	GlobalSection(SolutionConfigurationPlatforms) = preSolution
		Debug|Any CPU = Debug|Any CPU
		Release|Any CPU = Release|Any CPU
	EndGlobalSection
	GlobalSection(ProjectConfigurationPlatforms) = postSolution
		{A41F684F-AA1A-467B-9F05-AC44087B36B4}.Debug|Any CPU.ActiveCfg = Debug|Any CPU
		{A41F684F-AA1A-467B-9F05-AC44087B36B4}.Debug|Any CPU.Build.0 = Debug|Any CPU
		{A41F684F-AA1A-467B-9F05-AC44087B36B4}.Release|Any CPU.ActiveCfg = Release|Any CPU
		{A41F684F-AA1A-467B-9F05-AC44087B36B4}.Release|Any CPU.Build.0 = Release|Any CPU
	EndGlobalSection
	GlobalSection(SolutionProperties) = preSolution
		HideSolutionNode = FALSE
	EndGlobalSection
	GlobalSection(ExtensibilityGlobals) = postSolution
		SolutionGuid = {32A186DB-8DC0-4679-A868-85611F466703}
	EndGlobalSection
EndGlobal
